{
  "requires": true,
  "lockfileVersion": 1,
  "dependencies": {
    "@babel/runtime": {
      "version": "7.10.3",
      "resolved": "https://registry.npmjs.org/@babel/runtime/-/runtime-7.10.3.tgz",
      "integrity": "sha512-RzGO0RLSdokm9Ipe/YD+7ww8X2Ro79qiXZF3HU9ljrM+qnJmH1Vqth+hbiQZy761LnMJTMitHDuKVYTk3k4dLw==",
      "requires": {
        "regenerator-runtime": "^0.13.4"
      }
    },
    "gatsby-plugin-styled-components": {
      "version": "3.3.5",
      "resolved": "https://registry.npmjs.org/gatsby-plugin-styled-components/-/gatsby-plugin-styled-components-3.3.5.tgz",
      "integrity": "sha512-sv6L2I1Hs0DSNXovT1ieSfpnFKa7JGbYUCx8a4ENmNFtSwqJfS8VCQQUVJ+/dNZIkQy0133POzX8Ht4IuXF4tg==",
      "requires": {
        "@babel/runtime": "^7.10.2"
      }
    },
    "regenerator-runtime": {
      "version": "0.13.5",
      "resolved": "https://registry.npmjs.org/regenerator-runtime/-/regenerator-runtime-0.13.5.tgz",
      "integrity": "sha512-ZS5w8CpKFinUzOwW3c83oPeVXoNsrLsaCoLtJvAClH135j/R77RuymhiSErhm2lKcwSCIpmvIWSbDkIfAqKQlA=="
    }
  }
}
